<?xml version="1.0" encoding="utf-8"?>
<Project ToolsVersion="4.0" xmlns="http://schemas.microsoft.com/developer/msbuild/2003">
  <ItemGroup>
    <ClInclude Include="winnet.h" />
    <ClInclude Include="connector.h" />
    <ClInclude Include="listener.h" />
    <ClInclude Include="connectctrl.h" />
    <ClInclude Include="cpsock.h" />
    <ClInclude Include="connection.h" />
    <ClInclude Include="conndatamgr.h" />
    <ClInclude Include="bufpool.h" />
    <ClInclude Include="iocpctrl.h" />
  </ItemGroup>
  <ItemGroup>
    <ClCompile Include="winnet.cpp" />
    <ClCompile Include="connector.cpp" />
    <ClCompile Include="listener.cpp" />
    <ClCompile Include="connectctrl.cpp" />
    <ClCompile Include="cpsock.cpp" />
    <ClCompile Include="connection.cpp" />
    <ClCompile Include="conndatamgr.cpp" />
    <ClCompile Include="bufpool.cpp" />
    <ClCompile Include="iocpctrl.cpp" />
  </ItemGroup>
</Project>