
Microsoft Visual Studio Solution File, Format Version 12.00
# Visual Studio 14
VisualStudioVersion = 14.0.25420.1
MinimumVisualStudioVersion = 10.0.40219.1
Project("{8BC9CEB8-8B4A-11D0-8D11-00A0C91BC942}") = "robot", "Algorithm\Algorithm.vcxproj", "{6CD71052-B004-49DA-BFF1-CB7F76F3CA27}"
EndProject
Project("{8BC9CEB8-8B4A-11D0-8D11-00A0C91BC942}") = "C++ Primer", "C++ Primer\C++ Primer.vcxproj", "{0BF839A3-3126-4217-9892-AF649C9E9EC7}"
EndProject
Project("{8BC9CEB8-8B4A-11D0-8D11-00A0C91BC942}") = "record_script", "record_script\record_script.vcxproj", "{E771B961-DE4D-4A51-8B01-B672F45BD8FE}"
EndProject
Project("{8BC9CEB8-8B4A-11D0-8D11-00A0C91BC942}") = "server", "socket\socket.vcxproj", "{5411E2A1-9B01-4BF3-8435-AF40AB2A7B0A}"
EndProject
Project("{8BC9CEB8-8B4A-11D0-8D11-00A0C91BC942}") = "gtest", "gtest\gtest.vcxproj", "{E561377B-6507-4F88-9971-BD4DD1138375}"
EndProject
Global
	GlobalSection(SolutionConfigurationPlatforms) = preSolution
		Debug|x64 = Debug|x64
		Debug|x86 = Debug|x86
		Release|x64 = Release|x64
		Release|x86 = Release|x86
	EndGlobalSection
	GlobalSection(ProjectConfigurationPlatforms) = postSolution
		{6CD71052-B004-49DA-BFF1-CB7F76F3CA27}.Debug|x64.ActiveCfg = Debug|x64
		{6CD71052-B004-49DA-BFF1-CB7F76F3CA27}.Debug|x64.Build.0 = Debug|x64
		{6CD71052-B004-49DA-BFF1-CB7F76F3CA27}.Debug|x86.ActiveCfg = Debug|Win32
		{6CD71052-B004-49DA-BFF1-CB7F76F3CA27}.Debug|x86.Build.0 = Debug|Win32
		{6CD71052-B004-49DA-BFF1-CB7F76F3CA27}.Release|x64.ActiveCfg = Release|x64
		{6CD71052-B004-49DA-BFF1-CB7F76F3CA27}.Release|x64.Build.0 = Release|x64
		{6CD71052-B004-49DA-BFF1-CB7F76F3CA27}.Release|x86.ActiveCfg = Release|Win32
		{6CD71052-B004-49DA-BFF1-CB7F76F3CA27}.Release|x86.Build.0 = Release|Win32
		{0BF839A3-3126-4217-9892-AF649C9E9EC7}.Debug|x64.ActiveCfg = Debug|x64
		{0BF839A3-3126-4217-9892-AF649C9E9EC7}.Debug|x64.Build.0 = Debug|x64
		{0BF839A3-3126-4217-9892-AF649C9E9EC7}.Debug|x86.ActiveCfg = Debug|Win32
		{0BF839A3-3126-4217-9892-AF649C9E9EC7}.Debug|x86.Build.0 = Debug|Win32
		{0BF839A3-3126-4217-9892-AF649C9E9EC7}.Release|x64.ActiveCfg = Release|x64
		{0BF839A3-3126-4217-9892-AF649C9E9EC7}.Release|x64.Build.0 = Release|x64
		{0BF839A3-3126-4217-9892-AF649C9E9EC7}.Release|x86.ActiveCfg = Release|Win32
		{0BF839A3-3126-4217-9892-AF649C9E9EC7}.Release|x86.Build.0 = Release|Win32
		{E771B961-DE4D-4A51-8B01-B672F45BD8FE}.Debug|x64.ActiveCfg = Debug|x64
		{E771B961-DE4D-4A51-8B01-B672F45BD8FE}.Debug|x64.Build.0 = Debug|x64
		{E771B961-DE4D-4A51-8B01-B672F45BD8FE}.Debug|x86.ActiveCfg = Debug|Win32
		{E771B961-DE4D-4A51-8B01-B672F45BD8FE}.Debug|x86.Build.0 = Debug|Win32
		{E771B961-DE4D-4A51-8B01-B672F45BD8FE}.Release|x64.ActiveCfg = Release|x64
		{E771B961-DE4D-4A51-8B01-B672F45BD8FE}.Release|x64.Build.0 = Release|x64
		{E771B961-DE4D-4A51-8B01-B672F45BD8FE}.Release|x86.ActiveCfg = Release|Win32
		{E771B961-DE4D-4A51-8B01-B672F45BD8FE}.Release|x86.Build.0 = Release|Win32
		{5411E2A1-9B01-4BF3-8435-AF40AB2A7B0A}.Debug|x64.ActiveCfg = Debug|x64
		{5411E2A1-9B01-4BF3-8435-AF40AB2A7B0A}.Debug|x64.Build.0 = Debug|x64
		{5411E2A1-9B01-4BF3-8435-AF40AB2A7B0A}.Debug|x86.ActiveCfg = Debug|Win32
		{5411E2A1-9B01-4BF3-8435-AF40AB2A7B0A}.Debug|x86.Build.0 = Debug|Win32
		{5411E2A1-9B01-4BF3-8435-AF40AB2A7B0A}.Release|x64.ActiveCfg = Release|x64
		{5411E2A1-9B01-4BF3-8435-AF40AB2A7B0A}.Release|x64.Build.0 = Release|x64
		{5411E2A1-9B01-4BF3-8435-AF40AB2A7B0A}.Release|x86.ActiveCfg = Release|Win32
		{5411E2A1-9B01-4BF3-8435-AF40AB2A7B0A}.Release|x86.Build.0 = Release|Win32
		{E561377B-6507-4F88-9971-BD4DD1138375}.Debug|x64.ActiveCfg = Debug|x64
		{E561377B-6507-4F88-9971-BD4DD1138375}.Debug|x64.Build.0 = Debug|x64
		{E561377B-6507-4F88-9971-BD4DD1138375}.Debug|x86.ActiveCfg = Debug|Win32
		{E561377B-6507-4F88-9971-BD4DD1138375}.Debug|x86.Build.0 = Debug|Win32
		{E561377B-6507-4F88-9971-BD4DD1138375}.Release|x64.ActiveCfg = Release|x64
		{E561377B-6507-4F88-9971-BD4DD1138375}.Release|x64.Build.0 = Release|x64
		{E561377B-6507-4F88-9971-BD4DD1138375}.Release|x86.ActiveCfg = Release|Win32
		{E561377B-6507-4F88-9971-BD4DD1138375}.Release|x86.Build.0 = Release|Win32
	EndGlobalSection
	GlobalSection(SolutionProperties) = preSolution
		HideSolutionNode = FALSE
	EndGlobalSection
EndGlobal
