
Microsoft Visual Studio Solution File, Format Version 12.00
# Visual Studio 14
VisualStudioVersion = 14.0.25420.1
MinimumVisualStudioVersion = 10.0.40219.1
Project("{8BC9CEB8-8B4A-11D0-8D11-00A0C91BC942}") = "record_script", "record_script\record_script.vcxproj", "{E771B961-DE4D-4A51-8B01-B672F45BD8FE}"
EndProject
Project("{8BC9CEB8-8B4A-11D0-8D11-00A0C91BC942}") = "proto_code", "proto_code\proto_code.vcxproj", "{DB5F8AA2-19FE-4B6C-866F-C9A428D3E113}"
EndProject
Project("{8BC9CEB8-8B4A-11D0-8D11-00A0C91BC942}") = "thrift_code", "thrift_code\thrift_code.vcxproj", "{E7F8F5D3-24B3-4915-88B3-20EBDB3E0E88}"
EndProject
Global
	GlobalSection(SolutionConfigurationPlatforms) = preSolution
		Debug|x64 = Debug|x64
		Debug|x86 = Debug|x86
		Release|x64 = Release|x64
		Release|x86 = Release|x86
	EndGlobalSection
	GlobalSection(ProjectConfigurationPlatforms) = postSolution
		{E771B961-DE4D-4A51-8B01-B672F45BD8FE}.Debug|x64.ActiveCfg = Debug|x64
		{E771B961-DE4D-4A51-8B01-B672F45BD8FE}.Debug|x64.Build.0 = Debug|x64
		{E771B961-DE4D-4A51-8B01-B672F45BD8FE}.Debug|x86.ActiveCfg = Debug|Win32
		{E771B961-DE4D-4A51-8B01-B672F45BD8FE}.Debug|x86.Build.0 = Debug|Win32
		{E771B961-DE4D-4A51-8B01-B672F45BD8FE}.Release|x64.ActiveCfg = Release|x64
		{E771B961-DE4D-4A51-8B01-B672F45BD8FE}.Release|x64.Build.0 = Release|x64
		{E771B961-DE4D-4A51-8B01-B672F45BD8FE}.Release|x86.ActiveCfg = Release|Win32
		{E771B961-DE4D-4A51-8B01-B672F45BD8FE}.Release|x86.Build.0 = Release|Win32
		{DB5F8AA2-19FE-4B6C-866F-C9A428D3E113}.Debug|x64.ActiveCfg = Debug|x64
		{DB5F8AA2-19FE-4B6C-866F-C9A428D3E113}.Debug|x64.Build.0 = Debug|x64
		{DB5F8AA2-19FE-4B6C-866F-C9A428D3E113}.Debug|x86.ActiveCfg = Debug|Win32
		{DB5F8AA2-19FE-4B6C-866F-C9A428D3E113}.Debug|x86.Build.0 = Debug|Win32
		{DB5F8AA2-19FE-4B6C-866F-C9A428D3E113}.Release|x64.ActiveCfg = Release|x64
		{DB5F8AA2-19FE-4B6C-866F-C9A428D3E113}.Release|x64.Build.0 = Release|x64
		{DB5F8AA2-19FE-4B6C-866F-C9A428D3E113}.Release|x86.ActiveCfg = Release|Win32
		{DB5F8AA2-19FE-4B6C-866F-C9A428D3E113}.Release|x86.Build.0 = Release|Win32
		{E7F8F5D3-24B3-4915-88B3-20EBDB3E0E88}.Debug|x64.ActiveCfg = Debug|x64
		{E7F8F5D3-24B3-4915-88B3-20EBDB3E0E88}.Debug|x64.Build.0 = Debug|x64
		{E7F8F5D3-24B3-4915-88B3-20EBDB3E0E88}.Debug|x86.ActiveCfg = Debug|Win32
		{E7F8F5D3-24B3-4915-88B3-20EBDB3E0E88}.Debug|x86.Build.0 = Debug|Win32
		{E7F8F5D3-24B3-4915-88B3-20EBDB3E0E88}.Release|x64.ActiveCfg = Release|x64
		{E7F8F5D3-24B3-4915-88B3-20EBDB3E0E88}.Release|x64.Build.0 = Release|x64
		{E7F8F5D3-24B3-4915-88B3-20EBDB3E0E88}.Release|x86.ActiveCfg = Release|Win32
		{E7F8F5D3-24B3-4915-88B3-20EBDB3E0E88}.Release|x86.Build.0 = Release|Win32
	EndGlobalSection
	GlobalSection(SolutionProperties) = preSolution
		HideSolutionNode = FALSE
	EndGlobalSection
EndGlobal
