<?xml version="1.0" encoding="utf-8"?>
<Project ToolsVersion="4.0" xmlns="http://schemas.microsoft.com/developer/msbuild/2003">
  <ItemGroup>
    <Filter Include="Source Files">
      <UniqueIdentifier>{4FC737F1-C7A5-4376-A066-2A32D752A2FF}</UniqueIdentifier>
      <Extensions>cpp;c;cc;cxx;def;odl;idl;hpj;bat;asm;asmx</Extensions>
    </Filter>
    <Filter Include="Header Files">
      <UniqueIdentifier>{93995380-89BD-4b04-88EB-625FBE52EBFB}</UniqueIdentifier>
      <Extensions>h;hh;hpp;hxx;hm;inl;inc;xsd</Extensions>
    </Filter>
    <Filter Include="Resource Files">
      <UniqueIdentifier>{67DA6AB6-F800-4c08-8B7A-83BB121AAD01}</UniqueIdentifier>
      <Extensions>rc;ico;cur;bmp;dlg;rc2;rct;bin;rgs;gif;jpg;jpeg;jpe;resx;tiff;tif;png;wav;mfcribbon-ms</Extensions>
    </Filter>
  </ItemGroup>
  <ItemGroup>
    <Text Include="ReadMe.txt" />
  </ItemGroup>
  <ItemGroup>
    <ClCompile Include="cm_activitytype.pb.cc">
      <Filter>Source Files</Filter>
    </ClCompile>
    <ClCompile Include="cm_battletype.pb.cc">
      <Filter>Source Files</Filter>
    </ClCompile>
    <ClCompile Include="cm_roletype.pb.cc">
      <Filter>Source Files</Filter>
    </ClCompile>
    <ClCompile Include="cm_socialtype.pb.cc">
      <Filter>Source Files</Filter>
    </ClCompile>
    <ClCompile Include="cs_activity.pb.cc">
      <Filter>Source Files</Filter>
    </ClCompile>
    <ClCompile Include="cs_battle.pb.cc">
      <Filter>Source Files</Filter>
    </ClCompile>
    <ClCompile Include="cs_chat.pb.cc">
      <Filter>Source Files</Filter>
    </ClCompile>
    <ClCompile Include="cs_errorcode.pb.cc">
      <Filter>Source Files</Filter>
    </ClCompile>
    <ClCompile Include="cs_gamesystem.pb.cc">
      <Filter>Source Files</Filter>
    </ClCompile>
    <ClCompile Include="cs_mail.pb.cc">
      <Filter>Source Files</Filter>
    </ClCompile>
    <ClCompile Include="cs_protoid.pb.cc">
      <Filter>Source Files</Filter>
    </ClCompile>
    <ClCompile Include="cs_role.pb.cc">
      <Filter>Source Files</Filter>
    </ClCompile>
    <ClCompile Include="cs_social.pb.cc">
      <Filter>Source Files</Filter>
    </ClCompile>
    <ClCompile Include="ss_battle.pb.cc">
      <Filter>Source Files</Filter>
    </ClCompile>
    <ClCompile Include="ss_center.pb.cc">
      <Filter>Source Files</Filter>
    </ClCompile>
    <ClCompile Include="ss_charge.pb.cc">
      <Filter>Source Files</Filter>
    </ClCompile>
    <ClCompile Include="ss_chat.pb.cc">
      <Filter>Source Files</Filter>
    </ClCompile>
    <ClCompile Include="ss_cross.pb.cc">
      <Filter>Source Files</Filter>
    </ClCompile>
    <ClCompile Include="ss_db.pb.cc">
      <Filter>Source Files</Filter>
    </ClCompile>
    <ClCompile Include="ss_game.pb.cc">
      <Filter>Source Files</Filter>
    </ClCompile>
    <ClCompile Include="ss_login.pb.cc">
      <Filter>Source Files</Filter>
    </ClCompile>
    <ClCompile Include="ss_mail.pb.cc">
      <Filter>Source Files</Filter>
    </ClCompile>
    <ClCompile Include="ss_manager.pb.cc">
      <Filter>Source Files</Filter>
    </ClCompile>
    <ClCompile Include="ss_protoid.pb.cc">
      <Filter>Source Files</Filter>
    </ClCompile>
    <ClCompile Include="ss_public.pb.cc">
      <Filter>Source Files</Filter>
    </ClCompile>
  </ItemGroup>
  <ItemGroup>
    <ClInclude Include="cm_activitytype.pb.h">
      <Filter>Header Files</Filter>
    </ClInclude>
    <ClInclude Include="cm_battletype.pb.h">
      <Filter>Header Files</Filter>
    </ClInclude>
    <ClInclude Include="cm_roletype.pb.h">
      <Filter>Header Files</Filter>
    </ClInclude>
    <ClInclude Include="cm_socialtype.pb.h">
      <Filter>Header Files</Filter>
    </ClInclude>
    <ClInclude Include="cs_activity.pb.h">
      <Filter>Header Files</Filter>
    </ClInclude>
    <ClInclude Include="cs_battle.pb.h">
      <Filter>Header Files</Filter>
    </ClInclude>
    <ClInclude Include="cs_chat.pb.h">
      <Filter>Header Files</Filter>
    </ClInclude>
    <ClInclude Include="cs_errorcode.pb.h">
      <Filter>Header Files</Filter>
    </ClInclude>
    <ClInclude Include="cs_gamesystem.pb.h">
      <Filter>Header Files</Filter>
    </ClInclude>
    <ClInclude Include="cs_mail.pb.h">
      <Filter>Header Files</Filter>
    </ClInclude>
    <ClInclude Include="cs_protoid.pb.h">
      <Filter>Header Files</Filter>
    </ClInclude>
    <ClInclude Include="cs_role.pb.h">
      <Filter>Header Files</Filter>
    </ClInclude>
    <ClInclude Include="cs_social.pb.h">
      <Filter>Header Files</Filter>
    </ClInclude>
    <ClInclude Include="ss_battle.pb.h">
      <Filter>Header Files</Filter>
    </ClInclude>
    <ClInclude Include="ss_center.pb.h">
      <Filter>Header Files</Filter>
    </ClInclude>
    <ClInclude Include="ss_charge.pb.h">
      <Filter>Header Files</Filter>
    </ClInclude>
    <ClInclude Include="ss_chat.pb.h">
      <Filter>Header Files</Filter>
    </ClInclude>
    <ClInclude Include="ss_cross.pb.h">
      <Filter>Header Files</Filter>
    </ClInclude>
    <ClInclude Include="ss_db.pb.h">
      <Filter>Header Files</Filter>
    </ClInclude>
    <ClInclude Include="ss_game.pb.h">
      <Filter>Header Files</Filter>
    </ClInclude>
    <ClInclude Include="ss_login.pb.h">
      <Filter>Header Files</Filter>
    </ClInclude>
    <ClInclude Include="ss_mail.pb.h">
      <Filter>Header Files</Filter>
    </ClInclude>
    <ClInclude Include="ss_manager.pb.h">
      <Filter>Header Files</Filter>
    </ClInclude>
    <ClInclude Include="ss_protoid.pb.h">
      <Filter>Header Files</Filter>
    </ClInclude>
    <ClInclude Include="ss_public.pb.h">
      <Filter>Header Files</Filter>
    </ClInclude>
  </ItemGroup>
</Project>