<?xml version="1.0" encoding="utf-8"?>
<Project ToolsVersion="4.0" xmlns="http://schemas.microsoft.com/developer/msbuild/2003">
  <ItemGroup>
    <Filter Include="资源文件">
      <UniqueIdentifier>{67DA6AB6-F800-4c08-8B7A-83BB121AAD01}</UniqueIdentifier>
      <Extensions>rc;ico;cur;bmp;dlg;rc2;rct;bin;rgs;gif;jpg;jpeg;jpe;resx;tiff;tif;png;wav;mfcribbon-ms</Extensions>
    </Filter>
    <Filter Include="content_process">
      <UniqueIdentifier>{03335fbd-b5ae-42d8-9437-da6088f3473c}</UniqueIdentifier>
    </Filter>
    <Filter Include="folder_traversal">
      <UniqueIdentifier>{0691e4cb-18d7-4fa4-8867-c03cacbcb2de}</UniqueIdentifier>
    </Filter>
    <Filter Include="string">
      <UniqueIdentifier>{9ddb3717-8ea4-44d6-843b-f6f7059ccba0}</UniqueIdentifier>
    </Filter>
  </ItemGroup>
  <ItemGroup>
    <ClInclude Include="content_process.h">
      <Filter>content_process</Filter>
    </ClInclude>
    <ClInclude Include="folder_traversal.h">
      <Filter>folder_traversal</Filter>
    </ClInclude>
    <ClInclude Include="cstring.h">
      <Filter>string</Filter>
    </ClInclude>
  </ItemGroup>
  <ItemGroup>
    <ClCompile Include="content_process.cpp">
      <Filter>content_process</Filter>
    </ClCompile>
    <ClCompile Include="main.cpp" />
    <ClCompile Include="folder_traversal.cpp">
      <Filter>folder_traversal</Filter>
    </ClCompile>
    <ClCompile Include="cstring.cpp">
      <Filter>string</Filter>
    </ClCompile>
  </ItemGroup>
</Project>