<?xml version="1.0" encoding="utf-8"?>
<Project ToolsVersion="4.0" xmlns="http://schemas.microsoft.com/developer/msbuild/2003">
  <ItemGroup>
    <Filter Include="proto_read">
      <UniqueIdentifier>{4b18dc32-edf1-42cb-acbd-bf1519f3e61b}</UniqueIdentifier>
    </Filter>
    <Filter Include="proto_parse">
      <UniqueIdentifier>{064d831f-f2ac-4166-b506-ff55dad706ea}</UniqueIdentifier>
    </Filter>
    <Filter Include="proto_output">
      <UniqueIdentifier>{bd6cc437-4d5f-454d-bb9e-f5ac478563c0}</UniqueIdentifier>
    </Filter>
    <Filter Include="common">
      <UniqueIdentifier>{cfa941da-4208-4b84-8368-1155f9200ca3}</UniqueIdentifier>
    </Filter>
  </ItemGroup>
  <ItemGroup>
    <ClCompile Include="proto_read.cpp">
      <Filter>proto_read</Filter>
    </ClCompile>
    <ClCompile Include="proto_parse.cpp">
      <Filter>proto_parse</Filter>
    </ClCompile>
    <ClCompile Include="main.cpp" />
    <ClCompile Include="tool.cpp">
      <Filter>common</Filter>
    </ClCompile>
    <ClCompile Include="proto_go.cpp">
      <Filter>proto_output</Filter>
    </ClCompile>
    <ClCompile Include="proto_cpp.cpp">
      <Filter>proto_output</Filter>
    </ClCompile>
  </ItemGroup>
  <ItemGroup>
    <ClInclude Include="proto_read.h">
      <Filter>proto_read</Filter>
    </ClInclude>
    <ClInclude Include="proto_parse.h">
      <Filter>proto_parse</Filter>
    </ClInclude>
    <ClInclude Include="base_define.h">
      <Filter>common</Filter>
    </ClInclude>
    <ClInclude Include="singleton.h">
      <Filter>common</Filter>
    </ClInclude>
    <ClInclude Include="tool.h">
      <Filter>common</Filter>
    </ClInclude>
    <ClInclude Include="proto_go.h">
      <Filter>proto_output</Filter>
    </ClInclude>
    <ClInclude Include="proto_cpp.h">
      <Filter>proto_output</Filter>
    </ClInclude>
  </ItemGroup>
</Project>