<?xml version="1.0" encoding="utf-8"?>
<Project ToolsVersion="4.0" xmlns="http://schemas.microsoft.com/developer/msbuild/2003">
  <ItemGroup>
    <Filter Include="common">
      <UniqueIdentifier>{e0de0517-e891-48db-88af-765755a30a07}</UniqueIdentifier>
    </Filter>
    <Filter Include="log">
      <UniqueIdentifier>{94989a2b-0b03-407c-8ec6-e1f6ce251de1}</UniqueIdentifier>
    </Filter>
    <Filter Include="file_deal">
      <UniqueIdentifier>{4be9935c-7bb0-48d4-a529-44fcd8a61de0}</UniqueIdentifier>
    </Filter>
    <Filter Include="wrap_assert">
      <UniqueIdentifier>{9ecd2b13-936b-4550-96db-49ef41525cc1}</UniqueIdentifier>
    </Filter>
  </ItemGroup>
  <ItemGroup>
    <ClInclude Include="src\define.h">
      <Filter>common</Filter>
    </ClInclude>
    <ClInclude Include="src\rand_tool.h">
      <Filter>common</Filter>
    </ClInclude>
    <ClInclude Include="src\time.h">
      <Filter>common</Filter>
    </ClInclude>
    <ClInclude Include="src\log.h">
      <Filter>log</Filter>
    </ClInclude>
    <ClInclude Include="src\singleton.h">
      <Filter>common</Filter>
    </ClInclude>
    <ClInclude Include="src\read_file.h">
      <Filter>file_deal</Filter>
    </ClInclude>
    <ClInclude Include="src\wrap_assert.h">
      <Filter>wrap_assert</Filter>
    </ClInclude>
  </ItemGroup>
  <ItemGroup>
    <ClCompile Include="src\rand_tool.cpp">
      <Filter>common</Filter>
    </ClCompile>
    <ClCompile Include="src\time.cpp">
      <Filter>common</Filter>
    </ClCompile>
    <ClCompile Include="src\log.cpp">
      <Filter>log</Filter>
    </ClCompile>
    <ClCompile Include="src\read_file.cpp">
      <Filter>file_deal</Filter>
    </ClCompile>
  </ItemGroup>
</Project>