<?xml version="1.0" encoding="utf-8"?>
<Project ToolsVersion="4.0" xmlns="http://schemas.microsoft.com/developer/msbuild/2003">
  <ItemGroup>
    <Filter Include="rbtree">
      <UniqueIdentifier>{166bbdce-8ad9-43d3-b995-d05fed2113f2}</UniqueIdentifier>
    </Filter>
    <Filter Include="common">
      <UniqueIdentifier>{a2d43c57-8024-4f66-839d-5e5d5084cef6}</UniqueIdentifier>
    </Filter>
    <Filter Include="mem_pool">
      <UniqueIdentifier>{631c51af-8f05-42cb-a4a1-f5b37d155361}</UniqueIdentifier>
    </Filter>
  </ItemGroup>
  <ItemGroup>
    <ClCompile Include="main.cpp" />
    <ClCompile Include="rbtree\rb_tree.cpp">
      <Filter>rbtree</Filter>
    </ClCompile>
    <ClCompile Include="rbtree\rb_tree_test.cpp">
      <Filter>rbtree</Filter>
    </ClCompile>
    <ClCompile Include="mem_pool\buf.cpp">
      <Filter>mem_pool</Filter>
    </ClCompile>
    <ClCompile Include="mem_pool\pool.cpp">
      <Filter>mem_pool</Filter>
    </ClCompile>
  </ItemGroup>
  <ItemGroup>
    <ClInclude Include="common\define.h">
      <Filter>common</Filter>
    </ClInclude>
    <ClInclude Include="rbtree\rb_tree.h">
      <Filter>rbtree</Filter>
    </ClInclude>
    <ClInclude Include="rbtree\rb_tree_test.h">
      <Filter>rbtree</Filter>
    </ClInclude>
    <ClInclude Include="mem_pool\buf.h">
      <Filter>mem_pool</Filter>
    </ClInclude>
    <ClInclude Include="mem_pool\pool.h">
      <Filter>mem_pool</Filter>
    </ClInclude>
  </ItemGroup>
</Project>