
Microsoft Visual Studio Solution File, Format Version 12.00
# Visual Studio 14
VisualStudioVersion = 14.0.25420.1
MinimumVisualStudioVersion = 10.0.40219.1
Project("{8BC9CEB8-8B4A-11D0-8D11-00A0C91BC942}") = "wind", "wind\wind.vcxproj", "{F5B18ACD-C190-47A9-A390-4199FBDDB0E6}"
EndProject
Project("{8BC9CEB8-8B4A-11D0-8D11-00A0C91BC942}") = "windbase", "windbase\windbase.vcxproj", "{7D23459C-F98D-4C72-9C71-FF07039BD754}"
EndProject
Project("{8BC9CEB8-8B4A-11D0-8D11-00A0C91BC942}") = "windwinnet", "windwinnet\windwinnet.vcxproj", "{A35F5D26-8202-44D4-9A82-675AF9489EDB}"
EndProject
Project("{8BC9CEB8-8B4A-11D0-8D11-00A0C91BC942}") = "gidiptest", "gidiptest\gidiptest.vcxproj", "{C92D6858-6187-4DF4-BDFB-7A8F47F6EC52}"
EndProject
Project("{8BC9CEB8-8B4A-11D0-8D11-00A0C91BC942}") = "windcommon", "windcommon\windcommon.vcxproj", "{FD2F343F-52D8-4CF7-94F1-F7D7DAF65025}"
EndProject
Project("{8BC9CEB8-8B4A-11D0-8D11-00A0C91BC942}") = "winddb", "winddb\winddb.vcxproj", "{69BD0555-5B35-44AB-B790-5B5541EA71E9}"
EndProject
Project("{8BC9CEB8-8B4A-11D0-8D11-00A0C91BC942}") = "test", "test\test.vcxproj", "{04FCAE8E-D682-4FE7-B7D7-2FA2E56BB5F8}"
EndProject
Global
	GlobalSection(SolutionConfigurationPlatforms) = preSolution
		Debug|x64 = Debug|x64
		Debug|x86 = Debug|x86
		Release|x64 = Release|x64
		Release|x86 = Release|x86
	EndGlobalSection
	GlobalSection(ProjectConfigurationPlatforms) = postSolution
		{F5B18ACD-C190-47A9-A390-4199FBDDB0E6}.Debug|x64.ActiveCfg = Debug|x64
		{F5B18ACD-C190-47A9-A390-4199FBDDB0E6}.Debug|x64.Build.0 = Debug|x64
		{F5B18ACD-C190-47A9-A390-4199FBDDB0E6}.Debug|x86.ActiveCfg = Debug|Win32
		{F5B18ACD-C190-47A9-A390-4199FBDDB0E6}.Debug|x86.Build.0 = Debug|Win32
		{F5B18ACD-C190-47A9-A390-4199FBDDB0E6}.Release|x64.ActiveCfg = Release|x64
		{F5B18ACD-C190-47A9-A390-4199FBDDB0E6}.Release|x64.Build.0 = Release|x64
		{F5B18ACD-C190-47A9-A390-4199FBDDB0E6}.Release|x86.ActiveCfg = Release|Win32
		{F5B18ACD-C190-47A9-A390-4199FBDDB0E6}.Release|x86.Build.0 = Release|Win32
		{7D23459C-F98D-4C72-9C71-FF07039BD754}.Debug|x64.ActiveCfg = Debug|x64
		{7D23459C-F98D-4C72-9C71-FF07039BD754}.Debug|x64.Build.0 = Debug|x64
		{7D23459C-F98D-4C72-9C71-FF07039BD754}.Debug|x86.ActiveCfg = Debug|Win32
		{7D23459C-F98D-4C72-9C71-FF07039BD754}.Debug|x86.Build.0 = Debug|Win32
		{7D23459C-F98D-4C72-9C71-FF07039BD754}.Release|x64.ActiveCfg = Release|x64
		{7D23459C-F98D-4C72-9C71-FF07039BD754}.Release|x64.Build.0 = Release|x64
		{7D23459C-F98D-4C72-9C71-FF07039BD754}.Release|x86.ActiveCfg = Release|Win32
		{7D23459C-F98D-4C72-9C71-FF07039BD754}.Release|x86.Build.0 = Release|Win32
		{A35F5D26-8202-44D4-9A82-675AF9489EDB}.Debug|x64.ActiveCfg = Debug|x64
		{A35F5D26-8202-44D4-9A82-675AF9489EDB}.Debug|x64.Build.0 = Debug|x64
		{A35F5D26-8202-44D4-9A82-675AF9489EDB}.Debug|x86.ActiveCfg = Debug|Win32
		{A35F5D26-8202-44D4-9A82-675AF9489EDB}.Debug|x86.Build.0 = Debug|Win32
		{A35F5D26-8202-44D4-9A82-675AF9489EDB}.Release|x64.ActiveCfg = Release|x64
		{A35F5D26-8202-44D4-9A82-675AF9489EDB}.Release|x64.Build.0 = Release|x64
		{A35F5D26-8202-44D4-9A82-675AF9489EDB}.Release|x86.ActiveCfg = Release|Win32
		{A35F5D26-8202-44D4-9A82-675AF9489EDB}.Release|x86.Build.0 = Release|Win32
		{C92D6858-6187-4DF4-BDFB-7A8F47F6EC52}.Debug|x64.ActiveCfg = Debug|x64
		{C92D6858-6187-4DF4-BDFB-7A8F47F6EC52}.Debug|x64.Build.0 = Debug|x64
		{C92D6858-6187-4DF4-BDFB-7A8F47F6EC52}.Debug|x86.ActiveCfg = Debug|Win32
		{C92D6858-6187-4DF4-BDFB-7A8F47F6EC52}.Debug|x86.Build.0 = Debug|Win32
		{C92D6858-6187-4DF4-BDFB-7A8F47F6EC52}.Release|x64.ActiveCfg = Release|x64
		{C92D6858-6187-4DF4-BDFB-7A8F47F6EC52}.Release|x64.Build.0 = Release|x64
		{C92D6858-6187-4DF4-BDFB-7A8F47F6EC52}.Release|x86.ActiveCfg = Release|Win32
		{C92D6858-6187-4DF4-BDFB-7A8F47F6EC52}.Release|x86.Build.0 = Release|Win32
		{FD2F343F-52D8-4CF7-94F1-F7D7DAF65025}.Debug|x64.ActiveCfg = Debug|x64
		{FD2F343F-52D8-4CF7-94F1-F7D7DAF65025}.Debug|x64.Build.0 = Debug|x64
		{FD2F343F-52D8-4CF7-94F1-F7D7DAF65025}.Debug|x86.ActiveCfg = Debug|Win32
		{FD2F343F-52D8-4CF7-94F1-F7D7DAF65025}.Debug|x86.Build.0 = Debug|Win32
		{FD2F343F-52D8-4CF7-94F1-F7D7DAF65025}.Release|x64.ActiveCfg = Release|x64
		{FD2F343F-52D8-4CF7-94F1-F7D7DAF65025}.Release|x64.Build.0 = Release|x64
		{FD2F343F-52D8-4CF7-94F1-F7D7DAF65025}.Release|x86.ActiveCfg = Release|Win32
		{FD2F343F-52D8-4CF7-94F1-F7D7DAF65025}.Release|x86.Build.0 = Release|Win32
		{69BD0555-5B35-44AB-B790-5B5541EA71E9}.Debug|x64.ActiveCfg = Debug|x64
		{69BD0555-5B35-44AB-B790-5B5541EA71E9}.Debug|x64.Build.0 = Debug|x64
		{69BD0555-5B35-44AB-B790-5B5541EA71E9}.Debug|x86.ActiveCfg = Debug|Win32
		{69BD0555-5B35-44AB-B790-5B5541EA71E9}.Debug|x86.Build.0 = Debug|Win32
		{69BD0555-5B35-44AB-B790-5B5541EA71E9}.Release|x64.ActiveCfg = Release|x64
		{69BD0555-5B35-44AB-B790-5B5541EA71E9}.Release|x64.Build.0 = Release|x64
		{69BD0555-5B35-44AB-B790-5B5541EA71E9}.Release|x86.ActiveCfg = Release|Win32
		{69BD0555-5B35-44AB-B790-5B5541EA71E9}.Release|x86.Build.0 = Release|Win32
		{04FCAE8E-D682-4FE7-B7D7-2FA2E56BB5F8}.Debug|x64.ActiveCfg = Debug|x64
		{04FCAE8E-D682-4FE7-B7D7-2FA2E56BB5F8}.Debug|x64.Build.0 = Debug|x64
		{04FCAE8E-D682-4FE7-B7D7-2FA2E56BB5F8}.Debug|x86.ActiveCfg = Debug|Win32
		{04FCAE8E-D682-4FE7-B7D7-2FA2E56BB5F8}.Debug|x86.Build.0 = Debug|Win32
		{04FCAE8E-D682-4FE7-B7D7-2FA2E56BB5F8}.Release|x64.ActiveCfg = Release|x64
		{04FCAE8E-D682-4FE7-B7D7-2FA2E56BB5F8}.Release|x64.Build.0 = Release|x64
		{04FCAE8E-D682-4FE7-B7D7-2FA2E56BB5F8}.Release|x86.ActiveCfg = Release|Win32
		{04FCAE8E-D682-4FE7-B7D7-2FA2E56BB5F8}.Release|x86.Build.0 = Release|Win32
	EndGlobalSection
	GlobalSection(SolutionProperties) = preSolution
		HideSolutionNode = FALSE
	EndGlobalSection
EndGlobal
