<?xml version="1.0" encoding="utf-8"?>
<Project ToolsVersion="4.0" xmlns="http://schemas.microsoft.com/developer/msbuild/2003">
  <ItemGroup>
    <Filter Include="alloc">
      <UniqueIdentifier>{539f1c85-21f5-4e81-9629-2fba39831155}</UniqueIdentifier>
    </Filter>
    <Filter Include="iterator">
      <UniqueIdentifier>{5543a4b7-033e-48d3-a2a5-07095a381c39}</UniqueIdentifier>
    </Filter>
    <Filter Include="vector">
      <UniqueIdentifier>{5693ee17-5a3c-4391-9dda-8e7c1890e740}</UniqueIdentifier>
    </Filter>
    <Filter Include="algo">
      <UniqueIdentifier>{79fcd8d4-6f6a-4e9f-a27e-eed0ad67cc9d}</UniqueIdentifier>
    </Filter>
    <Filter Include="list">
      <UniqueIdentifier>{66f3bcdb-0b22-4d06-ba1e-60da51c8988f}</UniqueIdentifier>
    </Filter>
    <Filter Include="function">
      <UniqueIdentifier>{08a7e89a-3587-4383-9d4a-a30bc5235c4a}</UniqueIdentifier>
    </Filter>
  </ItemGroup>
  <ItemGroup>
    <ClCompile Include="main.cpp" />
    <ClCompile Include="cpp\alloc.cpp">
      <Filter>alloc</Filter>
    </ClCompile>
    <ClCompile Include="cpp\algo.cpp">
      <Filter>algo</Filter>
    </ClCompile>
    <ClCompile Include="cpp\vector.cpp">
      <Filter>vector</Filter>
    </ClCompile>
    <ClCompile Include="cpp\iterator.cpp">
      <Filter>iterator</Filter>
    </ClCompile>
    <ClCompile Include="cpp\list.cpp">
      <Filter>list</Filter>
    </ClCompile>
    <ClCompile Include="cpp\function.cpp">
      <Filter>function</Filter>
    </ClCompile>
  </ItemGroup>
  <ItemGroup>
    <ClInclude Include="include\alloc.h">
      <Filter>alloc</Filter>
    </ClInclude>
    <ClInclude Include="include\algo.h">
      <Filter>algo</Filter>
    </ClInclude>
    <ClInclude Include="include\vector.h">
      <Filter>vector</Filter>
    </ClInclude>
    <ClInclude Include="include\iterator.h">
      <Filter>iterator</Filter>
    </ClInclude>
    <ClInclude Include="include\iterator_test.h">
      <Filter>iterator</Filter>
    </ClInclude>
    <ClInclude Include="include\list.h">
      <Filter>list</Filter>
    </ClInclude>
    <ClInclude Include="cpp\algo_test.h">
      <Filter>algo</Filter>
    </ClInclude>
    <ClInclude Include="include\function.h">
      <Filter>function</Filter>
    </ClInclude>
  </ItemGroup>
</Project>