
Microsoft Visual Studio Solution File, Format Version 12.00
# Visual Studio 14
VisualStudioVersion = 14.0.25420.1
MinimumVisualStudioVersion = 10.0.40219.1
Project("{8BC9CEB8-8B4A-11D0-8D11-00A0C91BC942}") = "proto", "proto\proto.vcxproj", "{CC9D7653-D08D-4170-B144-1EF9AF289B3D}"
EndProject
Project("{8BC9CEB8-8B4A-11D0-8D11-00A0C91BC942}") = "stormproto", "protocol\stormproto.vcxproj", "{9E2B1F66-C05F-4E5A-8D8E-B70F412F5564}"
EndProject
Global
	GlobalSection(SolutionConfigurationPlatforms) = preSolution
		Debug|x64 = Debug|x64
		Debug|x86 = Debug|x86
		Release|x64 = Release|x64
		Release|x86 = Release|x86
	EndGlobalSection
	GlobalSection(ProjectConfigurationPlatforms) = postSolution
		{CC9D7653-D08D-4170-B144-1EF9AF289B3D}.Debug|x64.ActiveCfg = Debug|x64
		{CC9D7653-D08D-4170-B144-1EF9AF289B3D}.Debug|x64.Build.0 = Debug|x64
		{CC9D7653-D08D-4170-B144-1EF9AF289B3D}.Debug|x86.ActiveCfg = Debug|Win32
		{CC9D7653-D08D-4170-B144-1EF9AF289B3D}.Debug|x86.Build.0 = Debug|Win32
		{CC9D7653-D08D-4170-B144-1EF9AF289B3D}.Release|x64.ActiveCfg = Release|x64
		{CC9D7653-D08D-4170-B144-1EF9AF289B3D}.Release|x64.Build.0 = Release|x64
		{CC9D7653-D08D-4170-B144-1EF9AF289B3D}.Release|x86.ActiveCfg = Release|Win32
		{CC9D7653-D08D-4170-B144-1EF9AF289B3D}.Release|x86.Build.0 = Release|Win32
		{9E2B1F66-C05F-4E5A-8D8E-B70F412F5564}.Debug|x64.ActiveCfg = Debug|x64
		{9E2B1F66-C05F-4E5A-8D8E-B70F412F5564}.Debug|x64.Build.0 = Debug|x64
		{9E2B1F66-C05F-4E5A-8D8E-B70F412F5564}.Debug|x86.ActiveCfg = Debug|Win32
		{9E2B1F66-C05F-4E5A-8D8E-B70F412F5564}.Debug|x86.Build.0 = Debug|Win32
		{9E2B1F66-C05F-4E5A-8D8E-B70F412F5564}.Release|x64.ActiveCfg = Release|x64
		{9E2B1F66-C05F-4E5A-8D8E-B70F412F5564}.Release|x64.Build.0 = Release|x64
		{9E2B1F66-C05F-4E5A-8D8E-B70F412F5564}.Release|x86.ActiveCfg = Release|Win32
		{9E2B1F66-C05F-4E5A-8D8E-B70F412F5564}.Release|x86.Build.0 = Release|Win32
	EndGlobalSection
	GlobalSection(SolutionProperties) = preSolution
		HideSolutionNode = FALSE
	EndGlobalSection
EndGlobal
