<?xml version="1.0" encoding="utf-8"?>
<Project ToolsVersion="4.0" xmlns="http://schemas.microsoft.com/developer/msbuild/2003">
  <ItemGroup>
    <Filter Include="单件模式">
      <UniqueIdentifier>{93995380-89BD-4b04-88EB-625FBE52EBFB}</UniqueIdentifier>
      <Extensions>h;hh;hpp;hxx;hm;inl;inc;xsd</Extensions>
    </Filter>
    <Filter Include="策略模式">
      <UniqueIdentifier>{8bf42ff0-23b1-48e2-8890-28c6dd4b1e93}</UniqueIdentifier>
    </Filter>
    <Filter Include="观察者模式">
      <UniqueIdentifier>{28e4f4c1-013f-4a70-97da-27ad789ee2fd}</UniqueIdentifier>
    </Filter>
    <Filter Include="装饰者模式">
      <UniqueIdentifier>{63b6e927-05df-43ef-88aa-5be61511d59a}</UniqueIdentifier>
    </Filter>
    <Filter Include="工厂模式">
      <UniqueIdentifier>{d5d08489-f71c-4e0d-84f2-71ebf0427314}</UniqueIdentifier>
    </Filter>
    <Filter Include="抽象工厂模式">
      <UniqueIdentifier>{983fb6be-9845-4534-8032-14a012bb6cbb}</UniqueIdentifier>
    </Filter>
  </ItemGroup>
  <ItemGroup>
    <ClInclude Include="singleton.h">
      <Filter>单件模式</Filter>
    </ClInclude>
    <ClInclude Include="Strategy.h">
      <Filter>策略模式</Filter>
    </ClInclude>
    <ClInclude Include="Strategytest.h">
      <Filter>策略模式</Filter>
    </ClInclude>
    <ClInclude Include="singletonTest.h">
      <Filter>单件模式</Filter>
    </ClInclude>
    <ClInclude Include="Observe.h">
      <Filter>观察者模式</Filter>
    </ClInclude>
    <ClInclude Include="observe_test.h">
      <Filter>观察者模式</Filter>
    </ClInclude>
    <ClInclude Include="Decorator.h">
      <Filter>装饰者模式</Filter>
    </ClInclude>
    <ClInclude Include="decorator_test.h">
      <Filter>装饰者模式</Filter>
    </ClInclude>
    <ClInclude Include="factory.h">
      <Filter>工厂模式</Filter>
    </ClInclude>
    <ClInclude Include="factory_test.h">
      <Filter>工厂模式</Filter>
    </ClInclude>
    <ClInclude Include="abstract_factory.h">
      <Filter>抽象工厂模式</Filter>
    </ClInclude>
    <ClInclude Include="abstract_factor_test.h">
      <Filter>抽象工厂模式</Filter>
    </ClInclude>
  </ItemGroup>
  <ItemGroup>
    <ClCompile Include="singleton.cpp">
      <Filter>单件模式</Filter>
    </ClCompile>
    <ClCompile Include="Strategy.cpp">
      <Filter>策略模式</Filter>
    </ClCompile>
    <ClCompile Include="main.cpp" />
  </ItemGroup>
</Project>